
Microsoft Visual Studio Solution File, Format Version 11.00
# Visual Studio 2010
Project("{FAE04EC0-301F-11D3-BF4B-00C04F79EFBC}") = "Blackjack Twist", "Assembly-CSharp.csproj", "{92F18851-2128-B58B-E477-91BF3E45C561}"
EndProject
Global
	GlobalSection(SolutionConfigurationPlatforms) = preSolution
		Debug|Any CPU = Debug|Any CPU
		Release|Any CPU = Release|Any CPU
	EndGlobalSection
	GlobalSection(ProjectConfigurationPlatforms) = postSolution
		{92F18851-2128-B58B-E477-91BF3E45C561}.Debug|Any CPU.ActiveCfg = Debug|Any CPU
		{92F18851-2128-B58B-E477-91BF3E45C561}.Debug|Any CPU.Build.0 = Debug|Any CPU
		{92F18851-2128-B58B-E477-91BF3E45C561}.Release|Any CPU.ActiveCfg = Release|Any CPU
		{92F18851-2128-B58B-E477-91BF3E45C561}.Release|Any CPU.Build.0 = Release|Any CPU
	EndGlobalSection
	GlobalSection(SolutionProperties) = preSolution
		HideSolutionNode = FALSE
	EndGlobalSection
	GlobalSection(MonoDevelopProperties) = preSolution
		StartupItem = Assembly-CSharp.csproj
	EndGlobalSection
EndGlobal
